{
  "nodes": {
    "crane": {
      "locked": {
        "lastModified": 1777335812,
        "narHash": "sha256-bEg5xoAxAwsyfnGhkEX7RJViTIBIYPd8ISg4O1c0HFc=",
        "owner": "ipetkov",
        "repo": "crane",
        "rev": "5e0fb2f64edff2822249f21293b8304dedaaf676",
        "type": "github"
      },
      "original": {
        "owner": "ipetkov",
        "repo": "crane",
        "type": "github"
      }
    },
    "fenix": {
      "inputs": {
        "nixpkgs": [
          "nixpkgs"
        ],
        "rust-analyzer-src": "rust-analyzer-src"
      },
      "locked": {
        "lastModified": 1777365644,
        "narHash": "sha256-Z5Q3KNfZQoTrkUgkdrruwM0wB6jaVdM9i3Q6UgcIV9Q=",
        "owner": "nix-community",
        "repo": "fenix",
        "rev": "996ffd25e71cd97add9458da37cc8ec8f9ec6978",
        "type": "github"
      },
      "original": {
        "owner": "nix-community",
        "repo": "fenix",
        "type": "github"
      }
    },
    "flake-parts": {
      "inputs": {
        "nixpkgs-lib": [
          "nixpkgs"
        ]
      },
      "locked": {
        "lastModified": 1775087534,
        "narHash": "sha256-91qqW8lhL7TLwgQWijoGBbiD4t7/q75KTi8NxjVmSmA=",
        "owner": "hercules-ci",
        "repo": "flake-parts",
        "rev": "3107b77cd68437b9a76194f0f7f9c55f2329ca5b",
        "type": "github"
      },
      "original": {
        "owner": "hercules-ci",
        "repo": "flake-parts",
        "type": "github"
      }
    },
    "lspmux-src": {
      "flake": false,
      "locked": {
        "lastModified": 1773222928,
        "narHash": "sha256-OchqUe8GdBPL6tE3zpdaThfhzYZhYluagz1yXiexFT0=",
        "ref": "main",
        "rev": "18861f9d59e74ece8d867772cf07fa302c2dae98",
        "revCount": 178,
        "type": "git",
        "url": "https://codeberg.org/p2502/lspmux"
      },
      "original": {
        "ref": "main",
        "type": "git",
        "url": "https://codeberg.org/p2502/lspmux"
      }
    },
    "nixpkgs": {
      "locked": {
        "lastModified": 1777270315,
        "narHash": "sha256-yKB4G6cKsQsWN7M6rZGk6gkJPDNPIzT05y4qzRyCDlI=",
        "owner": "NixOS",
        "repo": "nixpkgs",
        "rev": "6368eda62c9775c38ef7f714b2555a741c20c72d",
        "type": "github"
      },
      "original": {
        "owner": "NixOS",
        "ref": "nixpkgs-unstable",
        "repo": "nixpkgs",
        "type": "github"
      }
    },
    "root": {
      "inputs": {
        "crane": "crane",
        "fenix": "fenix",
        "flake-parts": "flake-parts",
        "lspmux-src": "lspmux-src",
        "nixpkgs": "nixpkgs"
      }
    },
    "rust-analyzer-src": {
      "flake": false,
      "locked": {
        "lastModified": 1777324474,
        "narHash": "sha256-CydmOyYXLAw4pAo5UHEnNHHeNHS3GmAugFXk0tsGazQ=",
        "owner": "rust-lang",
        "repo": "rust-analyzer",
        "rev": "c2a4de0fe8e7808f07b2db1ecc87238c16bf09ee",
        "type": "github"
      },
      "original": {
        "owner": "rust-lang",
        "ref": "nightly",
        "repo": "rust-analyzer",
        "type": "github"
      }
    }
  },
  "root": "root",
  "version": 7
}
