{
  "nodes": {
    "crane": {
      "locked": {
        "lastModified": 1775839657,
        "narHash": "sha256-SPm9ck7jh3Un9nwPuMGbRU04UroFmOHjLP56T10MOeM=",
        "owner": "ipetkov",
        "repo": "crane",
        "rev": "7cf72d978629469c4bd4206b95c402514c1f6000",
        "type": "github"
      },
      "original": {
        "owner": "ipetkov",
        "repo": "crane",
        "type": "github"
      }
    },
    "fenix": {
      "inputs": {
        "nixpkgs": [
          "nixpkgs"
        ],
        "rust-analyzer-src": "rust-analyzer-src"
      },
      "locked": {
        "lastModified": 1775979171,
        "narHash": "sha256-Sa55OlPZmi3tS1c2ZCSD+kqQO/NqwvLPG54hLINKPuQ=",
        "owner": "nix-community",
        "repo": "fenix",
        "rev": "0e4230f19840325495ac3e58aabc8cf566072a4f",
        "type": "github"
      },
      "original": {
        "owner": "nix-community",
        "repo": "fenix",
        "type": "github"
      }
    },
    "flake-parts": {
      "inputs": {
        "nixpkgs-lib": [
          "nixpkgs"
        ]
      },
      "locked": {
        "lastModified": 1775087534,
        "narHash": "sha256-91qqW8lhL7TLwgQWijoGBbiD4t7/q75KTi8NxjVmSmA=",
        "owner": "hercules-ci",
        "repo": "flake-parts",
        "rev": "3107b77cd68437b9a76194f0f7f9c55f2329ca5b",
        "type": "github"
      },
      "original": {
        "owner": "hercules-ci",
        "repo": "flake-parts",
        "type": "github"
      }
    },
    "lspmux-src": {
      "flake": false,
      "locked": {
        "lastModified": 1773222928,
        "narHash": "sha256-OchqUe8GdBPL6tE3zpdaThfhzYZhYluagz1yXiexFT0=",
        "ref": "main",
        "rev": "18861f9d59e74ece8d867772cf07fa302c2dae98",
        "revCount": 178,
        "type": "git",
        "url": "https://codeberg.org/p2502/lspmux"
      },
      "original": {
        "ref": "main",
        "type": "git",
        "url": "https://codeberg.org/p2502/lspmux"
      }
    },
    "nixpkgs": {
      "locked": {
        "lastModified": 1775888245,
        "narHash": "sha256-nwASzrRDD1JBEu/o8ekKYEXm/oJW6EMCzCRdrwcLe90=",
        "owner": "NixOS",
        "repo": "nixpkgs",
        "rev": "13043924aaa7375ce482ebe2494338e058282925",
        "type": "github"
      },
      "original": {
        "owner": "NixOS",
        "ref": "nixpkgs-unstable",
        "repo": "nixpkgs",
        "type": "github"
      }
    },
    "root": {
      "inputs": {
        "crane": "crane",
        "fenix": "fenix",
        "flake-parts": "flake-parts",
        "lspmux-src": "lspmux-src",
        "nixpkgs": "nixpkgs"
      }
    },
    "rust-analyzer-src": {
      "flake": false,
      "locked": {
        "lastModified": 1775939146,
        "narHash": "sha256-YI8Hkuc2PSEJNwC8Qj3/DlMt1JfRv0MqzrnH/Mh9i5s=",
        "owner": "rust-lang",
        "repo": "rust-analyzer",
        "rev": "09dc7aca674f53032f9d819f6fea01046e3d473f",
        "type": "github"
      },
      "original": {
        "owner": "rust-lang",
        "ref": "nightly",
        "repo": "rust-analyzer",
        "type": "github"
      }
    }
  },
  "root": "root",
  "version": 7
}
