{
  "nodes": {
    "crane": {
      "locked": {
        "lastModified": 1772080396,
        "narHash": "sha256-84W9UNtSk9DNMh43WBkOjpkbfODlmg+RDi854PnNgLE=",
        "owner": "ipetkov",
        "repo": "crane",
        "rev": "8525580bc0316c39dbfa18bd09a1331e98c9e463",
        "type": "github"
      },
      "original": {
        "owner": "ipetkov",
        "repo": "crane",
        "type": "github"
      }
    },
    "fenix": {
      "inputs": {
        "nixpkgs": [
          "nixpkgs"
        ],
        "rust-analyzer-src": "rust-analyzer-src"
      },
      "locked": {
        "lastModified": 1772176312,
        "narHash": "sha256-Yjo/QCJvY9GUhAzwac/m6Rx3oxvRyEaiT5DQ5o+T6g4=",
        "owner": "nix-community",
        "repo": "fenix",
        "rev": "92d91250c1acd59beabc51208192adc92f31aeb5",
        "type": "github"
      },
      "original": {
        "owner": "nix-community",
        "repo": "fenix",
        "type": "github"
      }
    },
    "flake-parts": {
      "inputs": {
        "nixpkgs-lib": [
          "nixpkgs"
        ]
      },
      "locked": {
        "lastModified": 1769996383,
        "narHash": "sha256-AnYjnFWgS49RlqX7LrC4uA+sCCDBj0Ry/WOJ5XWAsa0=",
        "owner": "hercules-ci",
        "repo": "flake-parts",
        "rev": "57928607ea566b5db3ad13af0e57e921e6b12381",
        "type": "github"
      },
      "original": {
        "owner": "hercules-ci",
        "repo": "flake-parts",
        "type": "github"
      }
    },
    "lspmux-src": {
      "flake": false,
      "locked": {
        "lastModified": 1770503828,
        "narHash": "sha256-50j8swerZNwtybIR7wRKZxQlJDipi20ouVTCvyKfE8g=",
        "ref": "main",
        "rev": "c096923d20d69a7679b4a0e6c9624fb15070525d",
        "revCount": 176,
        "type": "git",
        "url": "https://codeberg.org/p2502/lspmux"
      },
      "original": {
        "ref": "main",
        "type": "git",
        "url": "https://codeberg.org/p2502/lspmux"
      }
    },
    "nixpkgs": {
      "locked": {
        "lastModified": 1772082373,
        "narHash": "sha256-wySf8a6hvuqgFdwvvzPPTARBCMLDz7WFAufGkllD1M4=",
        "owner": "NixOS",
        "repo": "nixpkgs",
        "rev": "26eaeac4e409d7b5a6bf6f90a2a2dc223c78d915",
        "type": "github"
      },
      "original": {
        "owner": "NixOS",
        "ref": "nixpkgs-unstable",
        "repo": "nixpkgs",
        "type": "github"
      }
    },
    "root": {
      "inputs": {
        "crane": "crane",
        "fenix": "fenix",
        "flake-parts": "flake-parts",
        "lspmux-src": "lspmux-src",
        "nixpkgs": "nixpkgs"
      }
    },
    "rust-analyzer-src": {
      "flake": false,
      "locked": {
        "lastModified": 1772094427,
        "narHash": "sha256-TiVs6OUBJEvajHdJZ5nIq0KognNJooUWuLGPFfQacSw=",
        "owner": "rust-lang",
        "repo": "rust-analyzer",
        "rev": "56b59a832858329c2f947f9b7bdf1a49da39c981",
        "type": "github"
      },
      "original": {
        "owner": "rust-lang",
        "ref": "nightly",
        "repo": "rust-analyzer",
        "type": "github"
      }
    }
  },
  "root": "root",
  "version": 7
}
